{
  "version": 4,
  "terraform_version": "1.5.7",
  "serial": 70,
  "lineage": "eec600f2-33fc-d083-9874-961adf3e569b",
  "outputs": {},
  "resources": [
    {
      "mode": "data",
      "type": "github_repository",
      "name": "existing_repos",
      "provider": "provider[\"registry.terraform.io/integrations/github\"]",
      "instances": [
        {
          "index_key": "github-actions-solar-system",
          "schema_version": 0,
          "attributes": {
            "allow_auto_merge": false,
            "allow_merge_commit": true,
            "allow_rebase_merge": true,
            "allow_squash_merge": true,
            "allow_update_branch": false,
            "archived": false,
            "default_branch": "main",
            "delete_branch_on_merge": false,
            "description": "",
            "fork": false,
            "full_name": "anurags1040/github-actions-solar-system",
            "git_clone_url": "git://github.com/anurags1040/github-actions-solar-system.git",
            "has_discussions": false,
            "has_downloads": true,
            "has_issues": true,
            "has_projects": true,
            "has_wiki": true,
            "homepage_url": "",
            "html_url": "https://github.com/anurags1040/github-actions-solar-system",
            "http_clone_url": "https://github.com/anurags1040/github-actions-solar-system.git",
            "id": "github-actions-solar-system",
            "is_template": false,
            "merge_commit_message": "PR_TITLE",
            "merge_commit_title": "MERGE_MESSAGE",
            "name": "github-actions-solar-system",
            "node_id": "R_kgDOMolrvA",
            "pages": [],
            "primary_language": "JavaScript",
            "private": false,
            "repo_id": 847866812,
            "repository_license": [],
            "squash_merge_commit_message": "COMMIT_MESSAGES",
            "squash_merge_commit_title": "COMMIT_OR_PR_TITLE",
            "ssh_clone_url": "git@github.com:anurags1040/github-actions-solar-system.git",
            "svn_url": "https://github.com/anurags1040/github-actions-solar-system",
            "template": [],
            "topics": [],
            "visibility": "public"
          },
          "sensitive_attributes": []
        },
        {
          "index_key": "sbx-test-tf",
          "schema_version": 0,
          "attributes": {
            "allow_auto_merge": null,
            "allow_merge_commit": null,
            "allow_rebase_merge": null,
            "allow_squash_merge": null,
            "allow_update_branch": null,
            "archived": null,
            "default_branch": null,
            "delete_branch_on_merge": null,
            "description": null,
            "fork": null,
            "full_name": null,
            "git_clone_url": null,
            "has_discussions": null,
            "has_downloads": null,
            "has_issues": null,
            "has_projects": null,
            "has_wiki": null,
            "homepage_url": null,
            "html_url": null,
            "http_clone_url": null,
            "id": null,
            "is_template": null,
            "merge_commit_message": null,
            "merge_commit_title": null,
            "name": null,
            "node_id": null,
            "pages": null,
            "primary_language": null,
            "private": null,
            "repo_id": null,
            "repository_license": null,
            "squash_merge_commit_message": null,
            "squash_merge_commit_title": null,
            "ssh_clone_url": null,
            "svn_url": null,
            "template": null,
            "topics": null,
            "visibility": null
          },
          "sensitive_attributes": []
        },
        {
          "index_key": "self-gh-tf",
          "schema_version": 0,
          "attributes": {
            "allow_auto_merge": false,
            "allow_merge_commit": true,
            "allow_rebase_merge": true,
            "allow_squash_merge": true,
            "allow_update_branch": false,
            "archived": false,
            "default_branch": "main",
            "delete_branch_on_merge": false,
            "description": "Experimenting for hhs",
            "fork": false,
            "full_name": "anurags1040/self-gh-tf",
            "git_clone_url": "git://github.com/anurags1040/self-gh-tf.git",
            "has_discussions": false,
            "has_downloads": true,
            "has_issues": true,
            "has_projects": true,
            "has_wiki": true,
            "homepage_url": "",
            "html_url": "https://github.com/anurags1040/self-gh-tf",
            "http_clone_url": "https://github.com/anurags1040/self-gh-tf.git",
            "id": "self-gh-tf",
            "is_template": false,
            "merge_commit_message": "PR_TITLE",
            "merge_commit_title": "MERGE_MESSAGE",
            "name": "self-gh-tf",
            "node_id": "R_kgDOM47t7Q",
            "pages": [],
            "primary_language": "HCL",
            "private": false,
            "repo_id": 865005037,
            "repository_license": [],
            "squash_merge_commit_message": "COMMIT_MESSAGES",
            "squash_merge_commit_title": "COMMIT_OR_PR_TITLE",
            "ssh_clone_url": "git@github.com:anurags1040/self-gh-tf.git",
            "svn_url": "https://github.com/anurags1040/self-gh-tf",
            "template": [],
            "topics": [],
            "visibility": "public"
          },
          "sensitive_attributes": []
        }
      ]
    },
    {
      "mode": "data",
      "type": "github_user",
      "name": "reviewer_ids",
      "provider": "provider[\"registry.terraform.io/integrations/github\"]",
      "instances": [
        {
          "index_key": "anujsh",
          "schema_version": 0,
          "attributes": {
            "avatar_url": "https://avatars.githubusercontent.com/u/20064648?v=4",
            "bio": "Consultant",
            "blog": "",
            "company": "",
            "created_at": "2016-06-21 10:08:06 +0000 UTC",
            "email": "",
            "followers": 0,
            "following": 0,
            "gpg_keys": [],
            "gravatar_id": "",
            "id": "20064648",
            "location": "UK",
            "login": "anujsh",
            "name": "Anuj",
            "node_id": "MDQ6VXNlcjIwMDY0NjQ4",
            "public_gists": 0,
            "public_repos": 0,
            "site_admin": false,
            "ssh_keys": [],
            "suspended_at": "0001-01-01 00:00:00 +0000 UTC",
            "updated_at": "2024-05-10 13:48:22 +0000 UTC",
            "username": "anujsh"
          },
          "sensitive_attributes": []
        },
        {
          "index_key": "anurags1040",
          "schema_version": 0,
          "attributes": {
            "avatar_url": "https://avatars.githubusercontent.com/u/43692612?v=4",
            "bio": "",
            "blog": "",
            "company": "",
            "created_at": "2018-09-29 04:26:00 +0000 UTC",
            "email": "",
            "followers": 1,
            "following": 1,
            "gpg_keys": [],
            "gravatar_id": "",
            "id": "43692612",
            "location": "",
            "login": "anurags1040",
            "name": "",
            "node_id": "MDQ6VXNlcjQzNjkyNjEy",
            "public_gists": 0,
            "public_repos": 13,
            "site_admin": false,
            "ssh_keys": [
              "ssh-ed25519 AAAAC3NzaC1lZDI1NTE5AAAAINTYWErGzB3QaYYHBHDXv5J5qDVSigEpdQNSvquitHLk"
            ],
            "suspended_at": "0001-01-01 00:00:00 +0000 UTC",
            "updated_at": "2024-09-26 16:14:28 +0000 UTC",
            "username": "anurags1040"
          },
          "sensitive_attributes": []
        },
        {
          "index_key": "jaiswaladi246",
          "schema_version": 0,
          "attributes": {
            "avatar_url": "https://avatars.githubusercontent.com/u/32607172?v=4",
            "bio": "DevOps Engineer at Deloitte.\r\n\r\n",
            "blog": "",
            "company": "Deloitte",
            "created_at": "2017-10-08 04:40:06 +0000 UTC",
            "email": "",
            "followers": 2472,
            "following": 0,
            "gpg_keys": [],
            "gravatar_id": "",
            "id": "32607172",
            "location": "Gurgaon",
            "login": "jaiswaladi246",
            "name": "Aditya Jaiswal",
            "node_id": "MDQ6VXNlcjMyNjA3MTcy",
            "public_gists": 0,
            "public_repos": 57,
            "site_admin": false,
            "ssh_keys": [],
            "suspended_at": "0001-01-01 00:00:00 +0000 UTC",
            "updated_at": "2024-09-20 14:33:44 +0000 UTC",
            "username": "jaiswaladi246"
          },
          "sensitive_attributes": []
        }
      ]
    },
    {
      "mode": "managed",
      "type": "github_actions_environment_secret",
      "name": "environment_secrets",
      "provider": "provider[\"registry.terraform.io/integrations/github\"]",
      "instances": [
        {
          "index_key": "sbx-test-tf-test-TEST_SECRET",
          "schema_version": 0,
          "attributes": {
            "created_at": "2024-09-29 22:06:50 +0000 UTC",
            "encrypted_value": "",
            "environment": "test",
            "id": "sbx-test-tf:test:TEST_SECRET",
            "plaintext_value": "sbx-secret-value",
            "repository": "sbx-test-tf",
            "secret_name": "TEST_SECRET",
            "updated_at": "2024-09-29 22:06:50 +0000 UTC"
          },
          "sensitive_attributes": [],
          "private": "bnVsbA==",
          "dependencies": [
            "data.github_repository.existing_repos",
            "github_repository.repos"
          ]
        },
        {
          "index_key": "self-gh-tf-production-CF_PASSWORD",
          "schema_version": 0,
          "attributes": {
            "created_at": "2024-09-29 22:06:47 +0000 UTC",
            "encrypted_value": "",
            "environment": "production",
            "id": "self-gh-tf:production:CF_PASSWORD",
            "plaintext_value": "prod-password",
            "repository": "self-gh-tf",
            "secret_name": "CF_PASSWORD",
            "updated_at": "2024-09-29 22:06:47 +0000 UTC"
          },
          "sensitive_attributes": [],
          "private": "bnVsbA==",
          "dependencies": [
            "data.github_repository.existing_repos",
            "github_repository.repos"
          ]
        },
        {
          "index_key": "self-gh-tf-production-CF_SPACE",
          "schema_version": 0,
          "attributes": {
            "created_at": "2024-09-29 22:06:51 +0000 UTC",
            "encrypted_value": "",
            "environment": "production",
            "id": "self-gh-tf:production:CF_SPACE",
            "plaintext_value": "prod",
            "repository": "self-gh-tf",
            "secret_name": "CF_SPACE",
            "updated_at": "2024-09-29 22:06:51 +0000 UTC"
          },
          "sensitive_attributes": [],
          "private": "bnVsbA==",
          "dependencies": [
            "data.github_repository.existing_repos",
            "github_repository.repos"
          ]
        },
        {
          "index_key": "self-gh-tf-production-CF_USER",
          "schema_version": 0,
          "attributes": {
            "created_at": "2024-09-29 22:06:33 +0000 UTC",
            "encrypted_value": "",
            "environment": "production",
            "id": "self-gh-tf:production:CF_USER",
            "plaintext_value": "prod-user",
            "repository": "self-gh-tf",
            "secret_name": "CF_USER",
            "updated_at": "2024-09-29 22:06:33 +0000 UTC"
          },
          "sensitive_attributes": [],
          "private": "bnVsbA==",
          "dependencies": [
            "data.github_repository.existing_repos",
            "github_repository.repos"
          ]
        },
        {
          "index_key": "self-gh-tf-staging-CF_PASSWORD",
          "schema_version": 0,
          "attributes": {
            "created_at": "2024-09-29 22:06:37 +0000 UTC",
            "encrypted_value": "",
            "environment": "staging",
            "id": "self-gh-tf:staging:CF_PASSWORD",
            "plaintext_value": "staging-password",
            "repository": "self-gh-tf",
            "secret_name": "CF_PASSWORD",
            "updated_at": "2024-09-29 22:06:37 +0000 UTC"
          },
          "sensitive_attributes": [],
          "private": "bnVsbA==",
          "dependencies": [
            "data.github_repository.existing_repos",
            "github_repository.repos"
          ]
        },
        {
          "index_key": "self-gh-tf-staging-CF_SPACE",
          "schema_version": 0,
          "attributes": {
            "created_at": "2024-09-29 22:06:53 +0000 UTC",
            "encrypted_value": "",
            "environment": "staging",
            "id": "self-gh-tf:staging:CF_SPACE",
            "plaintext_value": "staging",
            "repository": "self-gh-tf",
            "secret_name": "CF_SPACE",
            "updated_at": "2024-09-29 22:06:53 +0000 UTC"
          },
          "sensitive_attributes": [],
          "private": "bnVsbA==",
          "dependencies": [
            "data.github_repository.existing_repos",
            "github_repository.repos"
          ]
        },
        {
          "index_key": "self-gh-tf-staging-CF_USER",
          "schema_version": 0,
          "attributes": {
            "created_at": "2024-09-29 22:06:45 +0000 UTC",
            "encrypted_value": "",
            "environment": "staging",
            "id": "self-gh-tf:staging:CF_USER",
            "plaintext_value": "staging-user",
            "repository": "self-gh-tf",
            "secret_name": "CF_USER",
            "updated_at": "2024-09-29 22:06:45 +0000 UTC"
          },
          "sensitive_attributes": [],
          "private": "bnVsbA==",
          "dependencies": [
            "data.github_repository.existing_repos",
            "github_repository.repos"
          ]
        },
        {
          "index_key": "self-gh-tf-test-CF_PASSWORD",
          "schema_version": 0,
          "attributes": {
            "created_at": "2024-09-29 22:06:36 +0000 UTC",
            "encrypted_value": "",
            "environment": "test",
            "id": "self-gh-tf:test:CF_PASSWORD",
            "plaintext_value": "test-password",
            "repository": "self-gh-tf",
            "secret_name": "CF_PASSWORD",
            "updated_at": "2024-09-29 22:06:36 +0000 UTC"
          },
          "sensitive_attributes": [],
          "private": "bnVsbA==",
          "dependencies": [
            "data.github_repository.existing_repos",
            "github_repository.repos"
          ]
        },
        {
          "index_key": "self-gh-tf-test-CF_SPACE",
          "schema_version": 0,
          "attributes": {
            "created_at": "2024-09-29 22:06:48 +0000 UTC",
            "encrypted_value": "",
            "environment": "test",
            "id": "self-gh-tf:test:CF_SPACE",
            "plaintext_value": "test",
            "repository": "self-gh-tf",
            "secret_name": "CF_SPACE",
            "updated_at": "2024-09-29 22:06:48 +0000 UTC"
          },
          "sensitive_attributes": [],
          "private": "bnVsbA==",
          "dependencies": [
            "data.github_repository.existing_repos",
            "github_repository.repos"
          ]
        },
        {
          "index_key": "self-gh-tf-test-CF_USER",
          "schema_version": 0,
          "attributes": {
            "created_at": "2024-09-29 22:06:34 +0000 UTC",
            "encrypted_value": "",
            "environment": "test",
            "id": "self-gh-tf:test:CF_USER",
            "plaintext_value": "test-user",
            "repository": "self-gh-tf",
            "secret_name": "CF_USER",
            "updated_at": "2024-09-29 22:06:34 +0000 UTC"
          },
          "sensitive_attributes": [],
          "private": "bnVsbA==",
          "dependencies": [
            "data.github_repository.existing_repos",
            "github_repository.repos"
          ]
        }
      ]
    },
    {
      "mode": "managed",
      "type": "github_repository",
      "name": "repos",
      "provider": "provider[\"registry.terraform.io/integrations/github\"]",
      "instances": [
        {
          "index_key": "sbx-test-tf",
          "schema_version": 1,
          "attributes": {
            "allow_auto_merge": false,
            "allow_merge_commit": true,
            "allow_rebase_merge": true,
            "allow_squash_merge": true,
            "allow_update_branch": false,
            "archive_on_destroy": null,
            "archived": false,
            "auto_init": null,
            "default_branch": "main",
            "delete_branch_on_merge": false,
            "description": "",
            "etag": "W/\"b7a69cf07c9d70fef0e70153de47fcff0970dccfee22ecd38655ecf1d24d71d3\"",
            "full_name": "anurags1040/sbx-test-tf",
            "git_clone_url": "git://github.com/anurags1040/sbx-test-tf.git",
            "gitignore_template": null,
            "has_discussions": false,
            "has_downloads": false,
            "has_issues": false,
            "has_projects": false,
            "has_wiki": false,
            "homepage_url": "",
            "html_url": "https://github.com/anurags1040/sbx-test-tf",
            "http_clone_url": "https://github.com/anurags1040/sbx-test-tf.git",
            "id": "sbx-test-tf",
            "ignore_vulnerability_alerts_during_read": null,
            "is_template": false,
            "license_template": null,
            "merge_commit_message": "PR_TITLE",
            "merge_commit_title": "MERGE_MESSAGE",
            "name": "sbx-test-tf",
            "node_id": "R_kgDOM4_PAw",
            "pages": [],
            "primary_language": "",
            "private": false,
            "repo_id": 865062659,
            "security_and_analysis": [
              {
                "advanced_security": [],
                "secret_scanning": [
                  {
                    "status": "enabled"
                  }
                ],
                "secret_scanning_push_protection": [
                  {
                    "status": "enabled"
                  }
                ]
              }
            ],
            "squash_merge_commit_message": "COMMIT_MESSAGES",
            "squash_merge_commit_title": "COMMIT_OR_PR_TITLE",
            "ssh_clone_url": "git@github.com:anurags1040/sbx-test-tf.git",
            "svn_url": "https://github.com/anurags1040/sbx-test-tf",
            "template": [],
            "topics": [],
            "visibility": "public",
            "vulnerability_alerts": false,
            "web_commit_signoff_required": false
          },
          "sensitive_attributes": [],
          "private": "eyJzY2hlbWFfdmVyc2lvbiI6IjEifQ==",
          "dependencies": [
            "data.github_repository.existing_repos"
          ]
        }
      ]
    },
    {
      "mode": "managed",
      "type": "github_repository_environment",
      "name": "environments",
      "provider": "provider[\"registry.terraform.io/integrations/github\"]",
      "instances": [
        {
          "index_key": "github-actions-solar-system/production",
          "schema_version": 0,
          "attributes": {
            "can_admins_bypass": true,
            "deployment_branch_policy": [
              {
                "custom_branch_policies": false,
                "protected_branches": true
              }
            ],
            "environment": "production",
            "id": "github-actions-solar-system:production",
            "prevent_self_review": false,
            "repository": "github-actions-solar-system",
            "reviewers": [
              {
                "teams": null,
                "users": [
                  32607172,
                  43692612
                ]
              }
            ],
            "wait_timer": 0
          },
          "sensitive_attributes": [],
          "private": "bnVsbA==",
          "dependencies": [
            "data.github_repository.existing_repos",
            "data.github_user.reviewer_ids",
            "github_repository.repos"
          ]
        },
        {
          "index_key": "github-actions-solar-system/staging",
          "schema_version": 0,
          "attributes": {
            "can_admins_bypass": true,
            "deployment_branch_policy": [
              {
                "custom_branch_policies": false,
                "protected_branches": true
              }
            ],
            "environment": "staging",
            "id": "github-actions-solar-system:staging",
            "prevent_self_review": false,
            "repository": "github-actions-solar-system",
            "reviewers": [
              {
                "teams": null,
                "users": [
                  43692612
                ]
              }
            ],
            "wait_timer": 0
          },
          "sensitive_attributes": [],
          "private": "bnVsbA==",
          "dependencies": [
            "data.github_repository.existing_repos",
            "data.github_user.reviewer_ids",
            "github_repository.repos"
          ]
        },
        {
          "index_key": "sbx-test-tf/sbx",
          "schema_version": 0,
          "attributes": {
            "can_admins_bypass": true,
            "deployment_branch_policy": [
              {
                "custom_branch_policies": false,
                "protected_branches": true
              }
            ],
            "environment": "sbx",
            "id": "sbx-test-tf:sbx",
            "prevent_self_review": false,
            "repository": "sbx-test-tf",
            "reviewers": [
              {
                "teams": null,
                "users": [
                  43692612
                ]
              }
            ],
            "wait_timer": 0
          },
          "sensitive_attributes": [],
          "private": "bnVsbA==",
          "dependencies": [
            "data.github_repository.existing_repos",
            "data.github_user.reviewer_ids",
            "github_repository.repos"
          ]
        },
        {
          "index_key": "sbx-test-tf/test",
          "schema_version": 0,
          "attributes": {
            "can_admins_bypass": true,
            "deployment_branch_policy": [
              {
                "custom_branch_policies": false,
                "protected_branches": true
              }
            ],
            "environment": "test",
            "id": "sbx-test-tf:test",
            "prevent_self_review": false,
            "repository": "sbx-test-tf",
            "reviewers": [
              {
                "teams": null,
                "users": [
                  32607172,
                  43692612
                ]
              }
            ],
            "wait_timer": 0
          },
          "sensitive_attributes": [],
          "private": "bnVsbA==",
          "dependencies": [
            "data.github_repository.existing_repos",
            "data.github_user.reviewer_ids",
            "github_repository.repos"
          ]
        },
        {
          "index_key": "self-gh-tf/production",
          "schema_version": 0,
          "attributes": {
            "can_admins_bypass": true,
            "deployment_branch_policy": [
              {
                "custom_branch_policies": false,
                "protected_branches": true
              }
            ],
            "environment": "production",
            "id": "self-gh-tf:production",
            "prevent_self_review": false,
            "repository": "self-gh-tf",
            "reviewers": [
              {
                "teams": null,
                "users": [
                  43692612
                ]
              }
            ],
            "wait_timer": 0
          },
          "sensitive_attributes": [],
          "private": "bnVsbA==",
          "dependencies": [
            "data.github_repository.existing_repos",
            "data.github_user.reviewer_ids",
            "github_repository.repos"
          ]
        },
        {
          "index_key": "self-gh-tf/staging",
          "schema_version": 0,
          "attributes": {
            "can_admins_bypass": true,
            "deployment_branch_policy": [
              {
                "custom_branch_policies": false,
                "protected_branches": true
              }
            ],
            "environment": "staging",
            "id": "self-gh-tf:staging",
            "prevent_self_review": false,
            "repository": "self-gh-tf",
            "reviewers": [
              {
                "teams": null,
                "users": [
                  43692612
                ]
              }
            ],
            "wait_timer": 0
          },
          "sensitive_attributes": [],
          "private": "bnVsbA==",
          "dependencies": [
            "data.github_repository.existing_repos",
            "data.github_user.reviewer_ids",
            "github_repository.repos"
          ]
        },
        {
          "index_key": "self-gh-tf/test",
          "schema_version": 0,
          "attributes": {
            "can_admins_bypass": true,
            "deployment_branch_policy": [
              {
                "custom_branch_policies": true,
                "protected_branches": false
              }
            ],
            "environment": "test",
            "id": "self-gh-tf:test",
            "prevent_self_review": false,
            "repository": "self-gh-tf",
            "reviewers": [
              {
                "teams": null,
                "users": [
                  20064648,
                  43692612
                ]
              }
            ],
            "wait_timer": 0
          },
          "sensitive_attributes": [],
          "private": "bnVsbA==",
          "dependencies": [
            "data.github_repository.existing_repos",
            "data.github_user.reviewer_ids",
            "github_repository.repos"
          ]
        }
      ]
    }
  ],
  "check_results": null
}
